
Microsoft Visual Studio Solution File, Format Version 12.00
# Visual Studio Version 17
VisualStudioVersion = 17.7.34024.191
MinimumVisualStudioVersion = 10.0.40219.1
Project("{9A19103F-16F7-4668-BE54-9A1E7A4F7556}") = "ConsoleApp1", "src\ConsoleApp1\ConsoleApp1.csproj", "{A584ADA8-A04D-44F2-8A7E-CE2CB6B99411}"
EndProject
Project("{9A19103F-16F7-4668-BE54-9A1E7A4F7556}") = "ClassLibraryNetStandard2", "src\ClassLibraryNetStandard2\ClassLibraryNetStandard2.csproj", "{3C5C014E-06D4-4C2B-8C0D-A4B4C4587226}"
EndProject
Project("{FAE04EC0-301F-11D3-BF4B-00C04F79EFBC}") = "ConsoleAppNetFramework", "src\ConsoleAppNetFramework\ConsoleAppNetFramework.csproj", "{A8712473-91C5-48CD-8320-FB4B6609757E}"
EndProject
Project("{9A19103F-16F7-4668-BE54-9A1E7A4F7556}") = "Net6.UnitTests", "test\Net6.UnitTests\Net6.UnitTests.csproj", "{D703676B-D3FD-4B35-9B43-C92FAB9B8B51}"
EndProject
Project("{2150E333-8FDC-42A3-9474-1A3956D46DE8}") = "src", "src", "{6ECC329A-EA8E-408C-854B-871B337C98EB}"
EndProject
Project("{2150E333-8FDC-42A3-9474-1A3956D46DE8}") = "test", "test", "{2BB47632-DED5-48E8-99E3-A8A1DC3172B6}"
EndProject
Global
	GlobalSection(SolutionConfigurationPlatforms) = preSolution
		Debug|Any CPU = Debug|Any CPU
		Release|Any CPU = Release|Any CPU
	EndGlobalSection
	GlobalSection(ProjectConfigurationPlatforms) = postSolution
		{A584ADA8-A04D-44F2-8A7E-CE2CB6B99411}.Debug|Any CPU.ActiveCfg = Debug|Any CPU
		{A584ADA8-A04D-44F2-8A7E-CE2CB6B99411}.Debug|Any CPU.Build.0 = Debug|Any CPU
		{A584ADA8-A04D-44F2-8A7E-CE2CB6B99411}.Release|Any CPU.ActiveCfg = Release|Any CPU
		{A584ADA8-A04D-44F2-8A7E-CE2CB6B99411}.Release|Any CPU.Build.0 = Release|Any CPU
		{3C5C014E-06D4-4C2B-8C0D-A4B4C4587226}.Debug|Any CPU.ActiveCfg = Debug|Any CPU
		{3C5C014E-06D4-4C2B-8C0D-A4B4C4587226}.Debug|Any CPU.Build.0 = Debug|Any CPU
		{3C5C014E-06D4-4C2B-8C0D-A4B4C4587226}.Release|Any CPU.ActiveCfg = Release|Any CPU
		{3C5C014E-06D4-4C2B-8C0D-A4B4C4587226}.Release|Any CPU.Build.0 = Release|Any CPU
		{A8712473-91C5-48CD-8320-FB4B6609757E}.Debug|Any CPU.ActiveCfg = Debug|Any CPU
		{A8712473-91C5-48CD-8320-FB4B6609757E}.Debug|Any CPU.Build.0 = Debug|Any CPU
		{A8712473-91C5-48CD-8320-FB4B6609757E}.Release|Any CPU.ActiveCfg = Release|Any CPU
		{A8712473-91C5-48CD-8320-FB4B6609757E}.Release|Any CPU.Build.0 = Release|Any CPU
		{D703676B-D3FD-4B35-9B43-C92FAB9B8B51}.Debug|Any CPU.ActiveCfg = Debug|Any CPU
		{D703676B-D3FD-4B35-9B43-C92FAB9B8B51}.Debug|Any CPU.Build.0 = Debug|Any CPU
		{D703676B-D3FD-4B35-9B43-C92FAB9B8B51}.Release|Any CPU.ActiveCfg = Release|Any CPU
		{D703676B-D3FD-4B35-9B43-C92FAB9B8B51}.Release|Any CPU.Build.0 = Release|Any CPU
	EndGlobalSection
	GlobalSection(SolutionProperties) = preSolution
		HideSolutionNode = FALSE
	EndGlobalSection
	GlobalSection(NestedProjects) = preSolution
		{A584ADA8-A04D-44F2-8A7E-CE2CB6B99411} = {6ECC329A-EA8E-408C-854B-871B337C98EB}
		{3C5C014E-06D4-4C2B-8C0D-A4B4C4587226} = {6ECC329A-EA8E-408C-854B-871B337C98EB}
		{A8712473-91C5-48CD-8320-FB4B6609757E} = {6ECC329A-EA8E-408C-854B-871B337C98EB}
		{D703676B-D3FD-4B35-9B43-C92FAB9B8B51} = {2BB47632-DED5-48E8-99E3-A8A1DC3172B6}
	EndGlobalSection
	GlobalSection(ExtensibilityGlobals) = postSolution
		SolutionGuid = {C302AE06-D5C7-4E39-AF57-1ED141B7E921}
	EndGlobalSection
EndGlobal
